
Microsoft Visual Studio Solution File, Format Version 12.00
# Visual Studio Version 17
VisualStudioVersion = 17.11.35303.130
MinimumVisualStudioVersion = 10.0.40219.1
Project("{FAE04EC0-301F-11D3-BF4B-00C04F79EFBC}") = "Tema4_Ejercicio3_DI", "Tema4_Ejercicio3_DI\Tema4_Ejercicio3_DI.csproj", "{A858B821-78ED-4A7A-A94A-C82DC0FA46F1}"
EndProject
Global
	GlobalSection(SolutionConfigurationPlatforms) = preSolution
		Debug|Any CPU = Debug|Any CPU
		Release|Any CPU = Release|Any CPU
	EndGlobalSection
	GlobalSection(ProjectConfigurationPlatforms) = postSolution
		{A858B821-78ED-4A7A-A94A-C82DC0FA46F1}.Debug|Any CPU.ActiveCfg = Debug|Any CPU
		{A858B821-78ED-4A7A-A94A-C82DC0FA46F1}.Debug|Any CPU.Build.0 = Debug|Any CPU
		{A858B821-78ED-4A7A-A94A-C82DC0FA46F1}.Release|Any CPU.ActiveCfg = Release|Any CPU
		{A858B821-78ED-4A7A-A94A-C82DC0FA46F1}.Release|Any CPU.Build.0 = Release|Any CPU
	EndGlobalSection
	GlobalSection(SolutionProperties) = preSolution
		HideSolutionNode = FALSE
	EndGlobalSection
	GlobalSection(ExtensibilityGlobals) = postSolution
		SolutionGuid = {4A0E5AD3-7220-4067-9BD1-BD0008864CE8}
	EndGlobalSection
EndGlobal
